{
  "name": "monorepo",
  "lockfileVersion": 2,
  "requires": true,
  "packages": {
    "": {
      "name": "monorepo",
      "workspaces": [
        "apps/*"
      ],
      "dependencies": {
        "dotenv-cli": "^7.2.1",
        "turbo": "^1.9.0"
      }
    },
    "apps/frontend": {
      "name": "astro-app"
    },
    "node_modules/astro-app": {
      "resolved": "apps/frontend",
      "link": true
    },
    "node_modules/cross-spawn": {
      "version": "7.0.3",
      "resolved": "https://registry.npmjs.org/cross-spawn/-/cross-spawn-7.0.3.tgz",
      "integrity": "sha512-iRDPJKUPVEND7dHPO8rkbOnPpyDygcDFtWjpeWNCgy8WP2rXcxXL8TskReQl6OrB2G7+UJrags1q15Fudc7G6w==",
      "dependencies": {
        "path-key": "^3.1.0",
        "shebang-command": "^2.0.0",
        "which": "^2.0.1"
      },
      "engines": {
        "node": ">= 8"
      }
    },
    "node_modules/dotenv": {
      "version": "16.0.3",
      "resolved": "https://registry.npmjs.org/dotenv/-/dotenv-16.0.3.tgz",
      "integrity": "sha512-7GO6HghkA5fYG9TYnNxi14/7K9f5occMlp3zXAuSxn7CKCxt9xbNWG7yF8hTCSUchlfWSe3uLmlPfigevRItzQ==",
      "engines": {
        "node": ">=12"
      }
    },
    "node_modules/dotenv-cli": {
      "version": "7.2.1",
      "resolved": "https://registry.npmjs.org/dotenv-cli/-/dotenv-cli-7.2.1.tgz",
      "integrity": "sha512-ODHbGTskqRtXAzZapDPvgNuDVQApu4oKX8lZW7Y0+9hKA6le1ZJlyRS687oU9FXjOVEDU/VFV6zI125HzhM1UQ==",
      "dependencies": {
        "cross-spawn": "^7.0.3",
        "dotenv": "^16.0.0",
        "dotenv-expand": "^10.0.0",
        "minimist": "^1.2.6"
      },
      "bin": {
        "dotenv": "cli.js"
      }
    },
    "node_modules/dotenv-expand": {
      "version": "10.0.0",
      "resolved": "https://registry.npmjs.org/dotenv-expand/-/dotenv-expand-10.0.0.tgz",
      "integrity": "sha512-GopVGCpVS1UKH75VKHGuQFqS1Gusej0z4FyQkPdwjil2gNIv+LNsqBlboOzpJFZKVT95GkCyWJbBSdFEFUWI2A==",
      "engines": {
        "node": ">=12"
      }
    },
    "node_modules/isexe": {
      "version": "2.0.0",
      "resolved": "https://registry.npmjs.org/isexe/-/isexe-2.0.0.tgz",
      "integrity": "sha512-RHxMLp9lnKHGHRng9QFhRCMbYAcVpn69smSGcq3f36xjgVVWThj4qqLbTLlq7Ssj8B+fIQ1EuCEGI2lKsyQeIw=="
    },
    "node_modules/minimist": {
      "version": "1.2.8",
      "resolved": "https://registry.npmjs.org/minimist/-/minimist-1.2.8.tgz",
      "integrity": "sha512-2yyAR8qBkN3YuheJanUpWC5U3bb5osDywNB8RzDVlDwDHbocAJveqqj1u8+SVD7jkWT4yvsHCpWqqWqAxb0zCA==",
      "funding": {
        "url": "https://github.com/sponsors/ljharb"
      }
    },
    "node_modules/path-key": {
      "version": "3.1.1",
      "resolved": "https://registry.npmjs.org/path-key/-/path-key-3.1.1.tgz",
      "integrity": "sha512-ojmeN0qd+y0jszEtoY48r0Peq5dwMEkIlCOu6Q5f41lfkswXuKtYrhgoTpLnyIcHm24Uhqx+5Tqm2InSwLhE6Q==",
      "engines": {
        "node": ">=8"
      }
    },
    "node_modules/shebang-command": {
      "version": "2.0.0",
      "resolved": "https://registry.npmjs.org/shebang-command/-/shebang-command-2.0.0.tgz",
      "integrity": "sha512-kHxr2zZpYtdmrN1qDjrrX/Z1rR1kG8Dx+gkpK1G4eXmvXswmcE1hTWBWYUzlraYw1/yZp6YuDY77YtvbN0dmDA==",
      "dependencies": {
        "shebang-regex": "^3.0.0"
      },
      "engines": {
        "node": ">=8"
      }
    },
    "node_modules/shebang-regex": {
      "version": "3.0.0",
      "resolved": "https://registry.npmjs.org/shebang-regex/-/shebang-regex-3.0.0.tgz",
      "integrity": "sha512-7++dFhtcx3353uBaq8DDR4NuxBetBzC7ZQOhmTQInHEd6bSrXdiEyzCvG07Z44UYdLShWUyXt5M/yhz8ekcb1A==",
      "engines": {
        "node": ">=8"
      }
    },
    "node_modules/turbo": {
      "version": "1.9.0",
      "resolved": "https://registry.npmjs.org/turbo/-/turbo-1.9.0.tgz",
      "integrity": "sha512-W99+hwuisT/d9wcr5/KnAJYCQwm3xApbxLTLBRMOEti3iaweRSQIKFCVhdGccaDuu6b0zvE/4bTB6C3qJc8bgw==",
      "hasInstallScript": true,
      "bin": {
        "turbo": "bin/turbo"
      },
      "optionalDependencies": {
        "turbo-darwin-64": "1.9.0",
        "turbo-darwin-arm64": "1.9.0",
        "turbo-linux-64": "1.9.0",
        "turbo-linux-arm64": "1.9.0",
        "turbo-windows-64": "1.9.0",
        "turbo-windows-arm64": "1.9.0"
      }
    },
    "node_modules/turbo-darwin-64": {
      "version": "1.9.0",
      "resolved": "https://registry.npmjs.org/turbo-darwin-64/-/turbo-darwin-64-1.9.0.tgz",
      "integrity": "sha512-snJkC0RRFEQ7STIYbJVDrQzkRaU3b1cgM5PIrWx6elf79HA4Lm50sXbjpWJPsdwxfnvIKcpsAtBsDeR47iqnMQ==",
      "cpu": [
        "x64"
      ],
      "optional": true,
      "os": [
        "darwin"
      ]
    },
    "node_modules/turbo-darwin-arm64": {
      "version": "1.9.0",
      "resolved": "https://registry.npmjs.org/turbo-darwin-arm64/-/turbo-darwin-arm64-1.9.0.tgz",
      "integrity": "sha512-+4MDDtRdKe8VMG9YU7J3c6kokpKVV4ELw6iThtO7jwz5DiGy5eTKGNtr5kHkPk3SffUQ0DZTQ/YSJsBC+6LLlA==",
      "cpu": [
        "arm64"
      ],
      "optional": true,
      "os": [
        "darwin"
      ]
    },
    "node_modules/turbo-linux-64": {
      "version": "1.9.0",
      "resolved": "https://registry.npmjs.org/turbo-linux-64/-/turbo-linux-64-1.9.0.tgz",
      "integrity": "sha512-pEyj6VFo1RYwMqA6BLPHYViRIbE/R1KMAoQFW/qr9vTIT6kuMw1OiL0f/ZJ3AgY5V2mwGQT9Qg2HAH1CIEnH4Q==",
      "cpu": [
        "x64"
      ],
      "optional": true,
      "os": [
        "linux"
      ]
    },
    "node_modules/turbo-linux-arm64": {
      "version": "1.9.0",
      "resolved": "https://registry.npmjs.org/turbo-linux-arm64/-/turbo-linux-arm64-1.9.0.tgz",
      "integrity": "sha512-bwwa3X1ZzFkGsHsXDwAdW+akcKnGVNMmEtFULvh/2UALdslobttO7CiNBot7F+Sf5CfFZivYu5MEuYA/+Kvt7Q==",
      "cpu": [
        "arm64"
      ],
      "optional": true,
      "os": [
        "linux"
      ]
    },
    "node_modules/turbo-windows-64": {
      "version": "1.9.0",
      "resolved": "https://registry.npmjs.org/turbo-windows-64/-/turbo-windows-64-1.9.0.tgz",
      "integrity": "sha512-GMvbmXNHJVuLwbgqxQjXTFE4GHjzj3hVE+xZEKlEQWJ0cD+OGrVMqYMGxjVO5Ffbd3aHI9OECAmQw18qHWi1AA==",
      "cpu": [
        "x64"
      ],
      "optional": true,
      "os": [
        "win32"
      ]
    },
    "node_modules/turbo-windows-arm64": {
      "version": "1.9.0",
      "resolved": "https://registry.npmjs.org/turbo-windows-arm64/-/turbo-windows-arm64-1.9.0.tgz",
      "integrity": "sha512-oeePkdHoXit+rBzAT4iqn9hTUWXguKvqsZpJbFKr7JKLKtfeGwsXtyhCtkWIpBBQMT+hkGTBURMr9mHuS3sUPA==",
      "cpu": [
        "arm64"
      ],
      "optional": true,
      "os": [
        "win32"
      ]
    },
    "node_modules/which": {
      "version": "2.0.2",
      "resolved": "https://registry.npmjs.org/which/-/which-2.0.2.tgz",
      "integrity": "sha512-BLI3Tl1TW3Pvl70l3yq3Y64i+awpwXqsGBYWkkqMtnbXgrMD+yj7rhW0kuEDxzJaYXGjEW5ogapKNMEKNMjibA==",
      "dependencies": {
        "isexe": "^2.0.0"
      },
      "bin": {
        "node-which": "bin/node-which"
      },
      "engines": {
        "node": ">= 8"
      }
    }
  },
  "dependencies": {
    "astro-app": {
      "version": "file:apps/frontend"
    },
    "cross-spawn": {
      "version": "7.0.3",
      "resolved": "https://registry.npmjs.org/cross-spawn/-/cross-spawn-7.0.3.tgz",
      "integrity": "sha512-iRDPJKUPVEND7dHPO8rkbOnPpyDygcDFtWjpeWNCgy8WP2rXcxXL8TskReQl6OrB2G7+UJrags1q15Fudc7G6w==",
      "requires": {
        "path-key": "^3.1.0",
        "shebang-command": "^2.0.0",
        "which": "^2.0.1"
      }
    },
    "dotenv": {
      "version": "16.0.3",
      "resolved": "https://registry.npmjs.org/dotenv/-/dotenv-16.0.3.tgz",
      "integrity": "sha512-7GO6HghkA5fYG9TYnNxi14/7K9f5occMlp3zXAuSxn7CKCxt9xbNWG7yF8hTCSUchlfWSe3uLmlPfigevRItzQ=="
    },
    "dotenv-cli": {
      "version": "7.2.1",
      "resolved": "https://registry.npmjs.org/dotenv-cli/-/dotenv-cli-7.2.1.tgz",
      "integrity": "sha512-ODHbGTskqRtXAzZapDPvgNuDVQApu4oKX8lZW7Y0+9hKA6le1ZJlyRS687oU9FXjOVEDU/VFV6zI125HzhM1UQ==",
      "requires": {
        "cross-spawn": "^7.0.3",
        "dotenv": "^16.0.0",
        "dotenv-expand": "^10.0.0",
        "minimist": "^1.2.6"
      }
    },
    "dotenv-expand": {
      "version": "10.0.0",
      "resolved": "https://registry.npmjs.org/dotenv-expand/-/dotenv-expand-10.0.0.tgz",
      "integrity": "sha512-GopVGCpVS1UKH75VKHGuQFqS1Gusej0z4FyQkPdwjil2gNIv+LNsqBlboOzpJFZKVT95GkCyWJbBSdFEFUWI2A=="
    },
    "isexe": {
      "version": "2.0.0",
      "resolved": "https://registry.npmjs.org/isexe/-/isexe-2.0.0.tgz",
      "integrity": "sha512-RHxMLp9lnKHGHRng9QFhRCMbYAcVpn69smSGcq3f36xjgVVWThj4qqLbTLlq7Ssj8B+fIQ1EuCEGI2lKsyQeIw=="
    },
    "minimist": {
      "version": "1.2.8",
      "resolved": "https://registry.npmjs.org/minimist/-/minimist-1.2.8.tgz",
      "integrity": "sha512-2yyAR8qBkN3YuheJanUpWC5U3bb5osDywNB8RzDVlDwDHbocAJveqqj1u8+SVD7jkWT4yvsHCpWqqWqAxb0zCA=="
    },
    "path-key": {
      "version": "3.1.1",
      "resolved": "https://registry.npmjs.org/path-key/-/path-key-3.1.1.tgz",
      "integrity": "sha512-ojmeN0qd+y0jszEtoY48r0Peq5dwMEkIlCOu6Q5f41lfkswXuKtYrhgoTpLnyIcHm24Uhqx+5Tqm2InSwLhE6Q=="
    },
    "shebang-command": {
      "version": "2.0.0",
      "resolved": "https://registry.npmjs.org/shebang-command/-/shebang-command-2.0.0.tgz",
      "integrity": "sha512-kHxr2zZpYtdmrN1qDjrrX/Z1rR1kG8Dx+gkpK1G4eXmvXswmcE1hTWBWYUzlraYw1/yZp6YuDY77YtvbN0dmDA==",
      "requires": {
        "shebang-regex": "^3.0.0"
      }
    },
    "shebang-regex": {
      "version": "3.0.0",
      "resolved": "https://registry.npmjs.org/shebang-regex/-/shebang-regex-3.0.0.tgz",
      "integrity": "sha512-7++dFhtcx3353uBaq8DDR4NuxBetBzC7ZQOhmTQInHEd6bSrXdiEyzCvG07Z44UYdLShWUyXt5M/yhz8ekcb1A=="
    },
    "turbo": {
      "version": "1.9.0",
      "resolved": "https://registry.npmjs.org/turbo/-/turbo-1.9.0.tgz",
      "integrity": "sha512-W99+hwuisT/d9wcr5/KnAJYCQwm3xApbxLTLBRMOEti3iaweRSQIKFCVhdGccaDuu6b0zvE/4bTB6C3qJc8bgw==",
      "requires": {
        "turbo-darwin-64": "1.9.0",
        "turbo-darwin-arm64": "1.9.0",
        "turbo-linux-64": "1.9.0",
        "turbo-linux-arm64": "1.9.0",
        "turbo-windows-64": "1.9.0",
        "turbo-windows-arm64": "1.9.0"
      }
    },
    "turbo-darwin-64": {
      "version": "1.9.0",
      "resolved": "https://registry.npmjs.org/turbo-darwin-64/-/turbo-darwin-64-1.9.0.tgz",
      "integrity": "sha512-snJkC0RRFEQ7STIYbJVDrQzkRaU3b1cgM5PIrWx6elf79HA4Lm50sXbjpWJPsdwxfnvIKcpsAtBsDeR47iqnMQ==",
      "optional": true
    },
    "turbo-darwin-arm64": {
      "version": "1.9.0",
      "resolved": "https://registry.npmjs.org/turbo-darwin-arm64/-/turbo-darwin-arm64-1.9.0.tgz",
      "integrity": "sha512-+4MDDtRdKe8VMG9YU7J3c6kokpKVV4ELw6iThtO7jwz5DiGy5eTKGNtr5kHkPk3SffUQ0DZTQ/YSJsBC+6LLlA==",
      "optional": true
    },
    "turbo-linux-64": {
      "version": "1.9.0",
      "resolved": "https://registry.npmjs.org/turbo-linux-64/-/turbo-linux-64-1.9.0.tgz",
      "integrity": "sha512-pEyj6VFo1RYwMqA6BLPHYViRIbE/R1KMAoQFW/qr9vTIT6kuMw1OiL0f/ZJ3AgY5V2mwGQT9Qg2HAH1CIEnH4Q==",
      "optional": true
    },
    "turbo-linux-arm64": {
      "version": "1.9.0",
      "resolved": "https://registry.npmjs.org/turbo-linux-arm64/-/turbo-linux-arm64-1.9.0.tgz",
      "integrity": "sha512-bwwa3X1ZzFkGsHsXDwAdW+akcKnGVNMmEtFULvh/2UALdslobttO7CiNBot7F+Sf5CfFZivYu5MEuYA/+Kvt7Q==",
      "optional": true
    },
    "turbo-windows-64": {
      "version": "1.9.0",
      "resolved": "https://registry.npmjs.org/turbo-windows-64/-/turbo-windows-64-1.9.0.tgz",
      "integrity": "sha512-GMvbmXNHJVuLwbgqxQjXTFE4GHjzj3hVE+xZEKlEQWJ0cD+OGrVMqYMGxjVO5Ffbd3aHI9OECAmQw18qHWi1AA==",
      "optional": true
    },
    "turbo-windows-arm64": {
      "version": "1.9.0",
      "resolved": "https://registry.npmjs.org/turbo-windows-arm64/-/turbo-windows-arm64-1.9.0.tgz",
      "integrity": "sha512-oeePkdHoXit+rBzAT4iqn9hTUWXguKvqsZpJbFKr7JKLKtfeGwsXtyhCtkWIpBBQMT+hkGTBURMr9mHuS3sUPA==",
      "optional": true
    },
    "which": {
      "version": "2.0.2",
      "resolved": "https://registry.npmjs.org/which/-/which-2.0.2.tgz",
      "integrity": "sha512-BLI3Tl1TW3Pvl70l3yq3Y64i+awpwXqsGBYWkkqMtnbXgrMD+yj7rhW0kuEDxzJaYXGjEW5ogapKNMEKNMjibA==",
      "requires": {
        "isexe": "^2.0.0"
      }
    }
  }
}
